
Microsoft Visual Studio Solution File, Format Version 12.00
# Visual Studio Version 17
VisualStudioVersion = 17.5.002.0
MinimumVisualStudioVersion = 10.0.40219.1
Project("{9A19103F-16F7-4668-BE54-9A1E7A4F7556}") = "TCCT.ServiceAbstraction.Api", "TCCT.ServiceAbstraction.Api.csproj", "{629FABD3-E0C6-4B2C-96E3-484409B8D0D6}"
EndProject
Global
	GlobalSection(SolutionConfigurationPlatforms) = preSolution
		Debug|Any CPU = Debug|Any CPU
		Release|Any CPU = Release|Any CPU
	EndGlobalSection
	GlobalSection(ProjectConfigurationPlatforms) = postSolution
		{629FABD3-E0C6-4B2C-96E3-484409B8D0D6}.Debug|Any CPU.ActiveCfg = Debug|Any CPU
		{629FABD3-E0C6-4B2C-96E3-484409B8D0D6}.Debug|Any CPU.Build.0 = Debug|Any CPU
		{629FABD3-E0C6-4B2C-96E3-484409B8D0D6}.Release|Any CPU.ActiveCfg = Release|Any CPU
		{629FABD3-E0C6-4B2C-96E3-484409B8D0D6}.Release|Any CPU.Build.0 = Release|Any CPU
	EndGlobalSection
	GlobalSection(SolutionProperties) = preSolution
		HideSolutionNode = FALSE
	EndGlobalSection
	GlobalSection(ExtensibilityGlobals) = postSolution
		SolutionGuid = {3E994BA8-C19F-41FF-8F4E-C040F184FE12}
	EndGlobalSection
EndGlobal
